{
  "nodes": {
    "cachix": {
      "inputs": {
        "devenv": [
          "devenv"
        ],
        "flake-compat": [
          "devenv"
        ],
        "git-hooks": [
          "devenv",
          "git-hooks"
        ],
        "nixpkgs": [
          "devenv",
          "nixpkgs"
        ]
      },
      "locked": {
        "lastModified": 1748883665,
        "narHash": "sha256-R0W7uAg+BLoHjMRMQ8+oiSbTq8nkGz5RDpQ+ZfxxP3A=",
        "owner": "cachix",
        "repo": "cachix",
        "rev": "f707778d902af4d62d8dd92c269f8e70de09acbe",
        "type": "github"
      },
      "original": {
        "owner": "cachix",
        "ref": "latest",
        "repo": "cachix",
        "type": "github"
      }
    },
    "devenv": {
      "inputs": {
        "cachix": "cachix",
        "flake-compat": "flake-compat",
        "flake-parts": "flake-parts",
        "git-hooks": "git-hooks",
        "nix": "nix",
        "nixpkgs": "nixpkgs"
      },
      "locked": {
        "lastModified": 1758285954,
        "narHash": "sha256-navTyX4llEq2ohfTAMA/Z3CoKhpW2dJ3hYxRgfq3Vw4=",
        "owner": "cachix",
        "repo": "devenv",
        "rev": "0f0e4c6921995ae9334b546eac71a5800621baa8",
        "type": "github"
      },
      "original": {
        "owner": "cachix",
        "repo": "devenv",
        "type": "github"
      }
    },
    "devenv-root": {
      "flake": false,
      "locked": {
        "narHash": "sha256-d6xi4mKdjkX2JFicDIv5niSzpyI0m/Hnm8GGAIU04kY=",
        "type": "file",
        "url": "file:///dev/null"
      },
      "original": {
        "type": "file",
        "url": "file:///dev/null"
      }
    },
    "flake-compat": {
      "flake": false,
      "locked": {
        "lastModified": 1747046372,
        "narHash": "sha256-CIVLLkVgvHYbgI2UpXvIIBJ12HWgX+fjA8Xf8PUmqCY=",
        "owner": "edolstra",
        "repo": "flake-compat",
        "rev": "9100a0f413b0c601e0533d1d94ffd501ce2e7885",
        "type": "github"
      },
      "original": {
        "owner": "edolstra",
        "repo": "flake-compat",
        "type": "github"
      }
    },
    "flake-parts": {
      "inputs": {
        "nixpkgs-lib": [
          "devenv",
          "nixpkgs"
        ]
      },
      "locked": {
        "lastModified": 1756770412,
        "narHash": "sha256-+uWLQZccFHwqpGqr2Yt5VsW/PbeJVTn9Dk6SHWhNRPw=",
        "owner": "hercules-ci",
        "repo": "flake-parts",
        "rev": "4524271976b625a4a605beefd893f270620fd751",
        "type": "github"
      },
      "original": {
        "owner": "hercules-ci",
        "repo": "flake-parts",
        "type": "github"
      }
    },
    "flake-parts_2": {
      "inputs": {
        "nixpkgs-lib": [
          "nixpkgs"
        ]
      },
      "locked": {
        "lastModified": 1756770412,
        "narHash": "sha256-+uWLQZccFHwqpGqr2Yt5VsW/PbeJVTn9Dk6SHWhNRPw=",
        "owner": "hercules-ci",
        "repo": "flake-parts",
        "rev": "4524271976b625a4a605beefd893f270620fd751",
        "type": "github"
      },
      "original": {
        "owner": "hercules-ci",
        "repo": "flake-parts",
        "type": "github"
      }
    },
    "git-hooks": {
      "inputs": {
        "flake-compat": [
          "devenv",
          "flake-compat"
        ],
        "gitignore": "gitignore",
        "nixpkgs": [
          "devenv",
          "nixpkgs"
        ]
      },
      "locked": {
        "lastModified": 1750779888,
        "narHash": "sha256-wibppH3g/E2lxU43ZQHC5yA/7kIKLGxVEnsnVK1BtRg=",
        "owner": "cachix",
        "repo": "git-hooks.nix",
        "rev": "16ec914f6fb6f599ce988427d9d94efddf25fe6d",
        "type": "github"
      },
      "original": {
        "owner": "cachix",
        "repo": "git-hooks.nix",
        "type": "github"
      }
    },
    "gitignore": {
      "inputs": {
        "nixpkgs": [
          "devenv",
          "git-hooks",
          "nixpkgs"
        ]
      },
      "locked": {
        "lastModified": 1709087332,
        "narHash": "sha256-HG2cCnktfHsKV0s4XW83gU3F57gaTljL9KNSuG6bnQs=",
        "owner": "hercules-ci",
        "repo": "gitignore.nix",
        "rev": "637db329424fd7e46cf4185293b9cc8c88c95394",
        "type": "github"
      },
      "original": {
        "owner": "hercules-ci",
        "repo": "gitignore.nix",
        "type": "github"
      }
    },
    "nix": {
      "inputs": {
        "flake-compat": [
          "devenv",
          "flake-compat"
        ],
        "flake-parts": [
          "devenv",
          "flake-parts"
        ],
        "git-hooks-nix": [
          "devenv",
          "git-hooks"
        ],
        "nixpkgs": [
          "devenv",
          "nixpkgs"
        ],
        "nixpkgs-23-11": [
          "devenv"
        ],
        "nixpkgs-regression": [
          "devenv"
        ]
      },
      "locked": {
        "lastModified": 1755029779,
        "narHash": "sha256-3+GHIYGg4U9XKUN4rg473frIVNn8YD06bjwxKS1IPrU=",
        "owner": "cachix",
        "repo": "nix",
        "rev": "b0972b0eee6726081d10b1199f54de6d2917f861",
        "type": "github"
      },
      "original": {
        "owner": "cachix",
        "ref": "devenv-2.30",
        "repo": "nix",
        "type": "github"
      }
    },
    "nixpkgs": {
      "locked": {
        "lastModified": 1750441195,
        "narHash": "sha256-yke+pm+MdgRb6c0dPt8MgDhv7fcBbdjmv1ZceNTyzKg=",
        "owner": "cachix",
        "repo": "devenv-nixpkgs",
        "rev": "0ceffe312871b443929ff3006960d29b120dc627",
        "type": "github"
      },
      "original": {
        "owner": "cachix",
        "ref": "rolling",
        "repo": "devenv-nixpkgs",
        "type": "github"
      }
    },
    "nixpkgs_2": {
      "locked": {
        "lastModified": 1758216857,
        "narHash": "sha256-h1BW2y7CY4LI9w61R02wPaOYfmYo82FyRqHIwukQ6SY=",
        "owner": "NixOS",
        "repo": "nixpkgs",
        "rev": "d2ed99647a4b195f0bcc440f76edfa10aeb3b743",
        "type": "github"
      },
      "original": {
        "owner": "NixOS",
        "ref": "nixos-25.05",
        "repo": "nixpkgs",
        "type": "github"
      }
    },
    "root": {
      "inputs": {
        "devenv": "devenv",
        "devenv-root": "devenv-root",
        "flake-parts": "flake-parts_2",
        "nixpkgs": "nixpkgs_2",
        "treefmt-nix": "treefmt-nix"
      }
    },
    "treefmt-nix": {
      "inputs": {
        "nixpkgs": [
          "nixpkgs"
        ]
      },
      "locked": {
        "lastModified": 1758206697,
        "narHash": "sha256-/DbPkh6PZOgfueCbs3uzlk4ASU2nPPsiVWhpMCNkAd0=",
        "owner": "numtide",
        "repo": "treefmt-nix",
        "rev": "128222dc911b8e2e18939537bed1762b7f3a04aa",
        "type": "github"
      },
      "original": {
        "owner": "numtide",
        "repo": "treefmt-nix",
        "type": "github"
      }
    }
  },
  "root": "root",
  "version": 7
}
