---
name: Update flake.lock
on:
  workflow_dispatch:
  schedule:
    # runs weekly on Saturday at 00:00 UTC time
    - cron: "0 0 * * 6"

permissions:
  contents: write
  pull-requests: write

jobs:
  lockfile:
    runs-on: ubuntu-24.04
    steps:
      - name: Checkout repository
        uses: actions/checkout@11bd71901bbe5b1630ceea73d27597364c9af683 # v4.2.2

      - name: Install Nix
        uses: nixbuild/nix-quick-install-action@5bb6a3b3abe66fd09bbf250dce8ada94f856a703 # v30

      - name: Nix binary cache
        uses: nix-community/cache-nix-action@135667ec418502fa5a3598af6fb9eb733888ce6a # v6.1.3
        with:
          # restore and save a cache using this key
          primary-key: nix-${{ runner.os }}-${{ hashFiles('**/*.nix', '**/flake.lock') }}
          # if there's no cache hit, restore a cache by this prefix
          restore-prefixes-first-match: nix-${{ runner.os }}-
          # collect garbage until Nix store size (in bytes) is at most this number
          # before trying to save a new cache
          # 1G = 1073741824
          gc-max-store-size-linux: 1073741824
          # do purge caches
          purge: true
          # purge all versions of the cache
          purge-prefixes: nix-${{ runner.os }}-
          # created more than this number of seconds ago
          # relative to the start of the `Post Restore and save Nix store` phase
          purge-created: 0
          # except any version with the key that is the same as the `primary-key`
          purge-primary-key: never

      - name: Update flake.lock
        id: update
        uses: DeterminateSystems/update-flake-lock@a2bbe0274e3a0c4194390a1e445f734c597ebc37 #v24
        with:
          pr-title: "build(deps): update flake.lock"
          pr-labels: |
            dependencies
            automated

      - name: Print PR number
        run: echo Pull request number is ${{ steps.update.outputs.pull-request-number }}.
