---
name: Update flake.lock
on:
  workflow_dispatch:
  schedule:
    # runs weekly on Saturday at 00:00 UTC time
    - cron: "0 0 * * 6"

permissions:
  contents: write
  pull-requests: write

jobs:
  lockfile:
    runs-on: ubuntu-24.04
    steps:
      - name: Checkout repository
        uses: actions/checkout@3d3c42e5aac5ba805825da76410c181273ba90b1 # v7.0.1

      - name: Set up Nix and the store cache
        uses: ./.github/actions/setup-nix
        with:
          purpose: flake-lock

      - name: Update flake.lock
        id: update
        uses: DeterminateSystems/update-flake-lock@da03c0f078bc4b2c37ee4f7e072d34bf8f188bb3 #v29
        with:
          pr-title: "build(deps): update flake.lock"
          pr-labels: |
            dependencies
            automated

      - name: Print PR number
        run: echo Pull request number is ${{ steps.update.outputs.pull-request-number }}.
